
Microsoft Visual Studio Solution File, Format Version 12.00
# Visual Studio Version 16
VisualStudioVersion = 16.0.32002.261
MinimumVisualStudioVersion = 10.0.40219.1
Project("{FAE04EC0-301F-11D3-BF4B-00C04F79EFBC}") = "dev_rep", "dev_rep\dev_rep.csproj", "{53ECDE24-9A2F-40A4-A364-6F3AAB19A210}"
EndProject
Global
	GlobalSection(SolutionConfigurationPlatforms) = preSolution
		Debug|Any CPU = Debug|Any CPU
		Release|Any CPU = Release|Any CPU
	EndGlobalSection
	GlobalSection(ProjectConfigurationPlatforms) = postSolution
		{53ECDE24-9A2F-40A4-A364-6F3AAB19A210}.Debug|Any CPU.ActiveCfg = Debug|Any CPU
		{53ECDE24-9A2F-40A4-A364-6F3AAB19A210}.Debug|Any CPU.Build.0 = Debug|Any CPU
		{53ECDE24-9A2F-40A4-A364-6F3AAB19A210}.Release|Any CPU.ActiveCfg = Release|Any CPU
		{53ECDE24-9A2F-40A4-A364-6F3AAB19A210}.Release|Any CPU.Build.0 = Release|Any CPU
	EndGlobalSection
	GlobalSection(SolutionProperties) = preSolution
		HideSolutionNode = FALSE
	EndGlobalSection
	GlobalSection(ExtensibilityGlobals) = postSolution
		SolutionGuid = {D4A9FF9D-5A3C-4A79-B097-3DBEC5F041AA}
	EndGlobalSection
EndGlobal
